// !$*UTF8*$!
{
	archiveVersion = 1;
	classes = {
	};
	objectVersion = 56;
	objects = {

/* Begin PBXBuildFile section */
		BF0EF1AB2BDD5C2700E02D70 /* ToDoApp.swift in Sources */ = {isa = PBXBuildFile; fileRef = BF0EF1AA2BDD5C2700E02D70 /* ToDoApp.swift */; };
		BF0EF1AD2BDD5C2700E02D70 /* ContentView.swift in Sources */ = {isa = PBXBuildFile; fileRef = BF0EF1AC2BDD5C2700E02D70 /* ContentView.swift */; };
		BF0EF1AF2BDD5C2800E02D70 /* Assets.xcassets in Resources */ = {isa = PBXBuildFile; fileRef = BF0EF1AE2BDD5C2800E02D70 /* Assets.xcassets */; };
		BF0EF1B22BDD5C2800E02D70 /* Preview Assets.xcassets in Resources */ = {isa = PBXBuildFile; fileRef = BF0EF1B12BDD5C2800E02D70 /* Preview Assets.xcassets */; };
		BF0EF1B92BDD609600E02D70 /* ToDo.swift in Sources */ = {isa = PBXBuildFile; fileRef = BF0EF1B82BDD609600E02D70 /* ToDo.swift */; };
		BF0EF1BB2BDFCE9800E02D70 /* AddToDoListItemScreen.swift in Sources */ = {isa = PBXBuildFile; fileRef = BF0EF1BA2BDFCE9800E02D70 /* AddToDoListItemScreen.swift */; };
		BF0EF1BD2BDFD33800E02D70 /* ToDoListView.swift in Sources */ = {isa = PBXBuildFile; fileRef = BF0EF1BC2BDFD33800E02D70 /* ToDoListView.swift */; };
		BF0EF1BF2BDFD5F800E02D70 /* ToDoDetailScreen.swift in Sources */ = {isa = PBXBuildFile; fileRef = BF0EF1BE2BDFD5F800E02D70 /* ToDoDetailScreen.swift */; };
		BF0EF1C52BDFD9A300E02D70 /* String+Extensions.swift in Sources */ = {isa = PBXBuildFile; fileRef = BF0EF1C42BDFD9A300E02D70 /* String+Extensions.swift */; };
/* End PBXBuildFile section */

/* Begin PBXFileReference section */
		BF0EF1A72BDD5C2700E02D70 /* ToDoApp.app */ = {isa = PBXFileReference; explicitFileType = wrapper.application; includeInIndex = 0; path = ToDoApp.app; sourceTree = BUILT_PRODUCTS_DIR; };
		BF0EF1AA2BDD5C2700E02D70 /* ToDoApp.swift */ = {isa = PBXFileReference; lastKnownFileType = sourcecode.swift; path = ToDoApp.swift; sourceTree = "<group>"; };
		BF0EF1AC2BDD5C2700E02D70 /* ContentView.swift */ = {isa = PBXFileReference; lastKnownFileType = sourcecode.swift; path = ContentView.swift; sourceTree = "<group>"; };
		BF0EF1AE2BDD5C2800E02D70 /* Assets.xcassets */ = {isa = PBXFileReference; lastKnownFileType = folder.assetcatalog; path = Assets.xcassets; sourceTree = "<group>"; };
		BF0EF1B12BDD5C2800E02D70 /* Preview Assets.xcassets */ = {isa = PBXFileReference; lastKnownFileType = folder.assetcatalog; path = "Preview Assets.xcassets"; sourceTree = "<group>"; };
		BF0EF1B82BDD609600E02D70 /* ToDo.swift */ = {isa = PBXFileReference; lastKnownFileType = sourcecode.swift; path = ToDo.swift; sourceTree = "<group>"; };
		BF0EF1BA2BDFCE9800E02D70 /* AddToDoListItemScreen.swift */ = {isa = PBXFileReference; lastKnownFileType = sourcecode.swift; path = AddToDoListItemScreen.swift; sourceTree = "<group>"; };
		BF0EF1BC2BDFD33800E02D70 /* ToDoListView.swift */ = {isa = PBXFileReference; lastKnownFileType = sourcecode.swift; path = ToDoListView.swift; sourceTree = "<group>"; };
		BF0EF1BE2BDFD5F800E02D70 /* ToDoDetailScreen.swift */ = {isa = PBXFileReference; lastKnownFileType = sourcecode.swift; path = ToDoDetailScreen.swift; sourceTree = "<group>"; };
		BF0EF1C42BDFD9A300E02D70 /* String+Extensions.swift */ = {isa = PBXFileReference; lastKnownFileType = sourcecode.swift; path = "String+Extensions.swift"; sourceTree = "<group>"; };
/* End PBXFileReference section */

/* Begin PBXFrameworksBuildPhase section */
		BF0EF1A42BDD5C2700E02D70 /* Frameworks */ = {
			isa = PBXFrameworksBuildPhase;
			buildActionMask = 2147483647;
			files = (
			);
			runOnlyForDeploymentPostprocessing = 0;
		};
/* End PBXFrameworksBuildPhase section */

/* Begin PBXGroup section */
		BF0EF19E2BDD5C2600E02D70 = {
			isa = PBXGroup;
			children = (
				BF0EF1A92BDD5C2700E02D70 /* ToDoApp */,
				BF0EF1A82BDD5C2700E02D70 /* Products */,
			);
			sourceTree = "<group>";
		};
		BF0EF1A82BDD5C2700E02D70 /* Products */ = {
			isa = PBXGroup;
			children = (
				BF0EF1A72BDD5C2700E02D70 /* ToDoApp.app */,
			);
			name = Products;
			sourceTree = "<group>";
		};
		BF0EF1A92BDD5C2700E02D70 /* ToDoApp */ = {
			isa = PBXGroup;
			children = (
				BF0EF1B02BDD5C2800E02D70 /* Preview Content */,
				BF0EF1AA2BDD5C2700E02D70 /* ToDoApp.swift */,
				BF0EF1AE2BDD5C2800E02D70 /* Assets.xcassets */,
				BF0EF1C72BDFDB5B00E02D70 /* Screens */,
				BF0EF1C62BDFDB5000E02D70 /* Views */,
				BF0EF1C22BDFD91900E02D70 /* Extensions */,
				BF0EF1C02BDFD8D200E02D70 /* Models */,
			);
			path = ToDoApp;
			sourceTree = "<group>";
		};
		BF0EF1B02BDD5C2800E02D70 /* Preview Content */ = {
			isa = PBXGroup;
			children = (
				BF0EF1B12BDD5C2800E02D70 /* Preview Assets.xcassets */,
			);
			path = "Preview Content";
			sourceTree = "<group>";
		};
		BF0EF1C02BDFD8D200E02D70 /* Models */ = {
			isa = PBXGroup;
			children = (
				BF0EF1B82BDD609600E02D70 /* ToDo.swift */,
			);
			path = Models;
			sourceTree = "<group>";
		};
		BF0EF1C22BDFD91900E02D70 /* Extensions */ = {
			isa = PBXGroup;
			children = (
				BF0EF1C42BDFD9A300E02D70 /* String+Extensions.swift */,
			);
			path = Extensions;
			sourceTree = "<group>";
		};
		BF0EF1C62BDFDB5000E02D70 /* Views */ = {
			isa = PBXGroup;
			children = (
				BF0EF1BC2BDFD33800E02D70 /* ToDoListView.swift */,
			);
			path = Views;
			sourceTree = "<group>";
		};
		BF0EF1C72BDFDB5B00E02D70 /* Screens */ = {
			isa = PBXGroup;
			children = (
				BF0EF1AC2BDD5C2700E02D70 /* ContentView.swift */,
				BF0EF1BA2BDFCE9800E02D70 /* AddToDoListItemScreen.swift */,
				BF0EF1BE2BDFD5F800E02D70 /* ToDoDetailScreen.swift */,
			);
			path = Screens;
			sourceTree = "<group>";
		};
/* End PBXGroup section */

/* Begin PBXNativeTarget section */
		BF0EF1A62BDD5C2700E02D70 /* ToDoApp */ = {
			isa = PBXNativeTarget;
			buildConfigurationList = BF0EF1B52BDD5C2800E02D70 /* Build configuration list for PBXNativeTarget "ToDoApp" */;
			buildPhases = (
				BF0EF1A32BDD5C2700E02D70 /* Sources */,
				BF0EF1A42BDD5C2700E02D70 /* Frameworks */,
				BF0EF1A52BDD5C2700E02D70 /* Resources */,
			);
			buildRules = (
			);
			dependencies = (
			);
			name = ToDoApp;
			productName = ToDoApp;
			productReference = BF0EF1A72BDD5C2700E02D70 /* ToDoApp.app */;
			productType = "com.apple.product-type.application";
		};
/* End PBXNativeTarget section */

/* Begin PBXProject section */
		BF0EF19F2BDD5C2600E02D70 /* Project object */ = {
			isa = PBXProject;
			attributes = {
				BuildIndependentTargetsInParallel = 1;
				LastSwiftUpdateCheck = 1530;
				LastUpgradeCheck = 1530;
				TargetAttributes = {
					BF0EF1A62BDD5C2700E02D70 = {
						CreatedOnToolsVersion = 15.3;
					};
				};
			};
			buildConfigurationList = BF0EF1A22BDD5C2600E02D70 /* Build configuration list for PBXProject "ToDoApp" */;
			compatibilityVersion = "Xcode 14.0";
			developmentRegion = en;
			hasScannedForEncodings = 0;
			knownRegions = (
				en,
				Base,
			);
			mainGroup = BF0EF19E2BDD5C2600E02D70;
			productRefGroup = BF0EF1A82BDD5C2700E02D70 /* Products */;
			projectDirPath = "";
			projectRoot = "";
			targets = (
				BF0EF1A62BDD5C2700E02D70 /* ToDoApp */,
			);
		};
/* End PBXProject section */

/* Begin PBXResourcesBuildPhase section */
		BF0EF1A52BDD5C2700E02D70 /* Resources */ = {
			isa = PBXResourcesBuildPhase;
			buildActionMask = 2147483647;
			files = (
				BF0EF1B22BDD5C2800E02D70 /* Preview Assets.xcassets in Resources */,
				BF0EF1AF2BDD5C2800E02D70 /* Assets.xcassets in Resources */,
			);
			runOnlyForDeploymentPostprocessing = 0;
		};
/* End PBXResourcesBuildPhase section */

/* Begin PBXSourcesBuildPhase section */
		BF0EF1A32BDD5C2700E02D70 /* Sources */ = {
			isa = PBXSourcesBuildPhase;
			buildActionMask = 2147483647;
			files = (
				BF0EF1BB2BDFCE9800E02D70 /* AddToDoListItemScreen.swift in Sources */,
				BF0EF1C52BDFD9A300E02D70 /* String+Extensions.swift in Sources */,
				BF0EF1B92BDD609600E02D70 /* ToDo.swift in Sources */,
				BF0EF1AD2BDD5C2700E02D70 /* ContentView.swift in Sources */,
				BF0EF1AB2BDD5C2700E02D70 /* ToDoApp.swift in Sources */,
				BF0EF1BF2BDFD5F800E02D70 /* ToDoDetailScreen.swift in Sources */,
				BF0EF1BD2BDFD33800E02D70 /* ToDoListView.swift in Sources */,
			);
			runOnlyForDeploymentPostprocessing = 0;
		};
/* End PBXSourcesBuildPhase section */

/* Begin XCBuildConfiguration section */
		BF0EF1B32BDD5C2800E02D70 /* Debug */ = {
			isa = XCBuildConfiguration;
			buildSettings = {
				ALWAYS_SEARCH_USER_PATHS = NO;
				ASSETCATALOG_COMPILER_GENERATE_SWIFT_ASSET_SYMBOL_EXTENSIONS = YES;
				CLANG_ANALYZER_NONNULL = YES;
				CLANG_ANALYZER_NUMBER_OBJECT_CONVERSION = YES_AGGRESSIVE;
				CLANG_CXX_LANGUAGE_STANDARD = "gnu++20";
				CLANG_ENABLE_MODULES = YES;
				CLANG_ENABLE_OBJC_ARC = YES;
				CLANG_ENABLE_OBJC_WEAK = YES;
				CLANG_WARN_BLOCK_CAPTURE_AUTORELEASING = YES;
				CLANG_WARN_BOOL_CONVERSION = YES;
				CLANG_WARN_COMMA = YES;
				CLANG_WARN_CONSTANT_CONVERSION = YES;
				CLANG_WARN_DEPRECATED_OBJC_IMPLEMENTATIONS = YES;
				CLANG_WARN_DIRECT_OBJC_ISA_USAGE = YES_ERROR;
				CLANG_WARN_DOCUMENTATION_COMMENTS = YES;
				CLANG_WARN_EMPTY_BODY = YES;
				CLANG_WARN_ENUM_CONVERSION = YES;
				CLANG_WARN_INFINITE_RECURSION = YES;
				CLANG_WARN_INT_CONVERSION = YES;
				CLANG_WARN_NON_LITERAL_NULL_CONVERSION = YES;
				CLANG_WARN_OBJC_IMPLICIT_RETAIN_SELF = YES;
				CLANG_WARN_OBJC_LITERAL_CONVERSION = YES;
				CLANG_WARN_OBJC_ROOT_CLASS = YES_ERROR;
				CLANG_WARN_QUOTED_INCLUDE_IN_FRAMEWORK_HEADER = YES;
				CLANG_WARN_RANGE_LOOP_ANALYSIS = YES;
				CLANG_WARN_STRICT_PROTOTYPES = YES;
				CLANG_WARN_SUSPICIOUS_MOVE = YES;
				CLANG_WARN_UNGUARDED_AVAILABILITY = YES_AGGRESSIVE;
				CLANG_WARN_UNREACHABLE_CODE = YES;
				CLANG_WARN__DUPLICATE_METHOD_MATCH = YES;
				COPY_PHASE_STRIP = NO;
				DEBUG_INFORMATION_FORMAT = dwarf;
				ENABLE_STRICT_OBJC_MSGSEND = YES;
				ENABLE_TESTABILITY = YES;
				ENABLE_USER_SCRIPT_SANDBOXING = YES;
				GCC_C_LANGUAGE_STANDARD = gnu17;
				GCC_DYNAMIC_NO_PIC = NO;
				GCC_NO_COMMON_BLOCKS = YES;
				GCC_OPTIMIZATION_LEVEL = 0;
				GCC_PREPROCESSOR_DEFINITIONS = (
					"DEBUG=1",
					"$(inherited)",
				);
				GCC_WARN_64_TO_32_BIT_CONVERSION = YES;
				GCC_WARN_ABOUT_RETURN_TYPE = YES_ERROR;
				GCC_WARN_UNDECLARED_SELECTOR = YES;
				GCC_WARN_UNINITIALIZED_AUTOS = YES_AGGRESSIVE;
				GCC_WARN_UNUSED_FUNCTION = YES;
				GCC_WARN_UNUSED_VARIABLE = YES;
				IPHONEOS_DEPLOYMENT_TARGET = 17.4;
				LOCALIZATION_PREFERS_STRING_CATALOGS = YES;
				MTL_ENABLE_DEBUG_INFO = INCLUDE_SOURCE;
				MTL_FAST_MATH = YES;
				ONLY_ACTIVE_ARCH = YES;
				SDKROOT = iphoneos;
				SWIFT_ACTIVE_COMPILATION_CONDITIONS = "DEBUG $(inherited)";
				SWIFT_OPTIMIZATION_LEVEL = "-Onone";
			};
			name = Debug;
		};
		BF0EF1B42BDD5C2800E02D70 /* Release */ = {
			isa = XCBuildConfiguration;
			buildSettings = {
				ALWAYS_SEARCH_USER_PATHS = NO;
				ASSETCATALOG_COMPILER_GENERATE_SWIFT_ASSET_SYMBOL_EXTENSIONS = YES;
				CLANG_ANALYZER_NONNULL = YES;
				CLANG_ANALYZER_NUMBER_OBJECT_CONVERSION = YES_AGGRESSIVE;
				CLANG_CXX_LANGUAGE_STANDARD = "gnu++20";
				CLANG_ENABLE_MODULES = YES;
				CLANG_ENABLE_OBJC_ARC = YES;
				CLANG_ENABLE_OBJC_WEAK = YES;
				CLANG_WARN_BLOCK_CAPTURE_AUTORELEASING = YES;
				CLANG_WARN_BOOL_CONVERSION = YES;
				CLANG_WARN_COMMA = YES;
				CLANG_WARN_CONSTANT_CONVERSION = YES;
				CLANG_WARN_DEPRECATED_OBJC_IMPLEMENTATIONS = YES;
				CLANG_WARN_DIRECT_OBJC_ISA_USAGE = YES_ERROR;
				CLANG_WARN_DOCUMENTATION_COMMENTS = YES;
				CLANG_WARN_EMPTY_BODY = YES;
				CLANG_WARN_ENUM_CONVERSION = YES;
				CLANG_WARN_INFINITE_RECURSION = YES;
				CLANG_WARN_INT_CONVERSION = YES;
				CLANG_WARN_NON_LITERAL_NULL_CONVERSION = YES;
				CLANG_WARN_OBJC_IMPLICIT_RETAIN_SELF = YES;
				CLANG_WARN_OBJC_LITERAL_CONVERSION = YES;
				CLANG_WARN_OBJC_ROOT_CLASS = YES_ERROR;
				CLANG_WARN_QUOTED_INCLUDE_IN_FRAMEWORK_HEADER = YES;
				CLANG_WARN_RANGE_LOOP_ANALYSIS = YES;
				CLANG_WARN_STRICT_PROTOTYPES = YES;
				CLANG_WARN_SUSPICIOUS_MOVE = YES;
				CLANG_WARN_UNGUARDED_AVAILABILITY = YES_AGGRESSIVE;
				CLANG_WARN_UNREACHABLE_CODE = YES;
				CLANG_WARN__DUPLICATE_METHOD_MATCH = YES;
				COPY_PHASE_STRIP = NO;
				DEBUG_INFORMATION_FORMAT = "dwarf-with-dsym";
				ENABLE_NS_ASSERTIONS = NO;
				ENABLE_STRICT_OBJC_MSGSEND = YES;
				ENABLE_USER_SCRIPT_SANDBOXING = YES;
				GCC_C_LANGUAGE_STANDARD = gnu17;
				GCC_NO_COMMON_BLOCKS = YES;
				GCC_WARN_64_TO_32_BIT_CONVERSION = YES;
				GCC_WARN_ABOUT_RETURN_TYPE = YES_ERROR;
				GCC_WARN_UNDECLARED_SELECTOR = YES;
				GCC_WARN_UNINITIALIZED_AUTOS = YES_AGGRESSIVE;
				GCC_WARN_UNUSED_FUNCTION = YES;
				GCC_WARN_UNUSED_VARIABLE = YES;
				IPHONEOS_DEPLOYMENT_TARGET = 17.4;
				LOCALIZATION_PREFERS_STRING_CATALOGS = YES;
				MTL_ENABLE_DEBUG_INFO = NO;
				MTL_FAST_MATH = YES;
				SDKROOT = iphoneos;
				SWIFT_COMPILATION_MODE = wholemodule;
				VALIDATE_PRODUCT = YES;
			};
			name = Release;
		};
		BF0EF1B62BDD5C2800E02D70 /* Debug */ = {
			isa = XCBuildConfiguration;
			buildSettings = {
				ASSETCATALOG_COMPILER_APPICON_NAME = AppIcon;
				ASSETCATALOG_COMPILER_GLOBAL_ACCENT_COLOR_NAME = AccentColor;
				CODE_SIGN_STYLE = Automatic;
				CURRENT_PROJECT_VERSION = 1;
				DEVELOPMENT_ASSET_PATHS = "\"ToDoApp/Preview Content\"";
				ENABLE_PREVIEWS = YES;
				GENERATE_INFOPLIST_FILE = YES;
				INFOPLIST_KEY_UIApplicationSceneManifest_Generation = YES;
				INFOPLIST_KEY_UIApplicationSupportsIndirectInputEvents = YES;
				INFOPLIST_KEY_UILaunchScreen_Generation = YES;
				INFOPLIST_KEY_UISupportedInterfaceOrientations_iPad = "UIInterfaceOrientationPortrait UIInterfaceOrientationPortraitUpsideDown UIInterfaceOrientationLandscapeLeft UIInterfaceOrientationLandscapeRight";
				INFOPLIST_KEY_UISupportedInterfaceOrientations_iPhone = "UIInterfaceOrientationPortrait UIInterfaceOrientationLandscapeLeft UIInterfaceOrientationLandscapeRight";
				LD_RUNPATH_SEARCH_PATHS = (
					"$(inherited)",
					"@executable_path/Frameworks",
				);
				MARKETING_VERSION = 1.0;
				PRODUCT_BUNDLE_IDENTIFIER = Zephyr1015.ToDoApp;
				PRODUCT_NAME = "$(TARGET_NAME)";
				SWIFT_EMIT_LOC_STRINGS = YES;
				SWIFT_VERSION = 5.0;
				TARGETED_DEVICE_FAMILY = "1,2";
			};
			name = Debug;
		};
		BF0EF1B72BDD5C2800E02D70 /* Release */ = {
			isa = XCBuildConfiguration;
			buildSettings = {
				ASSETCATALOG_COMPILER_APPICON_NAME = AppIcon;
				ASSETCATALOG_COMPILER_GLOBAL_ACCENT_COLOR_NAME = AccentColor;
				CODE_SIGN_STYLE = Automatic;
				CURRENT_PROJECT_VERSION = 1;
				DEVELOPMENT_ASSET_PATHS = "\"ToDoApp/Preview Content\"";
				ENABLE_PREVIEWS = YES;
				GENERATE_INFOPLIST_FILE = YES;
				INFOPLIST_KEY_UIApplicationSceneManifest_Generation = YES;
				INFOPLIST_KEY_UIApplicationSupportsIndirectInputEvents = YES;
				INFOPLIST_KEY_UILaunchScreen_Generation = YES;
				INFOPLIST_KEY_UISupportedInterfaceOrientations_iPad = "UIInterfaceOrientationPortrait UIInterfaceOrientationPortraitUpsideDown UIInterfaceOrientationLandscapeLeft UIInterfaceOrientationLandscapeRight";
				INFOPLIST_KEY_UISupportedInterfaceOrientations_iPhone = "UIInterfaceOrientationPortrait UIInterfaceOrientationLandscapeLeft UIInterfaceOrientationLandscapeRight";
				LD_RUNPATH_SEARCH_PATHS = (
					"$(inherited)",
					"@executable_path/Frameworks",
				);
				MARKETING_VERSION = 1.0;
				PRODUCT_BUNDLE_IDENTIFIER = Zephyr1015.ToDoApp;
				PRODUCT_NAME = "$(TARGET_NAME)";
				SWIFT_EMIT_LOC_STRINGS = YES;
				SWIFT_VERSION = 5.0;
				TARGETED_DEVICE_FAMILY = "1,2";
			};
			name = Release;
		};
/* End XCBuildConfiguration section */

/* Begin XCConfigurationList section */
		BF0EF1A22BDD5C2600E02D70 /* Build configuration list for PBXProject "ToDoApp" */ = {
			isa = XCConfigurationList;
			buildConfigurations = (
				BF0EF1B32BDD5C2800E02D70 /* Debug */,
				BF0EF1B42BDD5C2800E02D70 /* Release */,
			);
			defaultConfigurationIsVisible = 0;
			defaultConfigurationName = Release;
		};
		BF0EF1B52BDD5C2800E02D70 /* Build configuration list for PBXNativeTarget "ToDoApp" */ = {
			isa = XCConfigurationList;
			buildConfigurations = (
				BF0EF1B62BDD5C2800E02D70 /* Debug */,
				BF0EF1B72BDD5C2800E02D70 /* Release */,
			);
			defaultConfigurationIsVisible = 0;
			defaultConfigurationName = Release;
		};
/* End XCConfigurationList section */
	};
	rootObject = BF0EF19F2BDD5C2600E02D70 /* Project object */;
}
